// !$*UTF8*$!
{
	archiveVersion = 1;
	classes = {
	};
	objectVersion = 46;
	objects = {

/* Begin PBXBuildFile section */
		0091D8F90E81B9330029341E /* OpenGL.framework in Frameworks */ = {isa = PBXBuildFile; fileRef = 0091D8F80E81B9330029341E /* OpenGL.framework */; };
		00B784B30FF439BC000DE1D7 /* Accelerate.framework in Frameworks */ = {isa = PBXBuildFile; fileRef = 00B784AF0FF439BC000DE1D7 /* Accelerate.framework */; };
		00B784B40FF439BC000DE1D7 /* AudioToolbox.framework in Frameworks */ = {isa = PBXBuildFile; fileRef = 00B784B00FF439BC000DE1D7 /* AudioToolbox.framework */; };
		00B784B50FF439BC000DE1D7 /* AudioUnit.framework in Frameworks */ = {isa = PBXBuildFile; fileRef = 00B784B10FF439BC000DE1D7 /* AudioUnit.framework */; };
		00B784B60FF439BC000DE1D7 /* CoreAudio.framework in Frameworks */ = {isa = PBXBuildFile; fileRef = 00B784B20FF439BC000DE1D7 /* CoreAudio.framework */; };
		06D2053C8A0E4EE09D31C099 /* FileUtils.cpp in Sources */ = {isa = PBXBuildFile; fileRef = 1C488A17000B4EB4A41BC68E /* FileUtils.cpp */; };
		1432D287CA264169832FA33A /* CinderApp.icns in Resources */ = {isa = PBXBuildFile; fileRef = 0F85005B9B6046EEBB74AB6D /* CinderApp.icns */; };
		15053BEC17D4EE9500C2FE2D /* SpriteAnimation.cpp in Sources */ = {isa = PBXBuildFile; fileRef = 15053BEA17D4EE9500C2FE2D /* SpriteAnimation.cpp */; };
		15053BEF17D4EF2900C2FE2D /* Locus.cpp in Sources */ = {isa = PBXBuildFile; fileRef = 15053BED17D4EF2900C2FE2D /* Locus.cpp */; };
		15053BF217D4F42D00C2FE2D /* RenderMesh.cpp in Sources */ = {isa = PBXBuildFile; fileRef = 15053BF017D4F42D00C2FE2D /* RenderMesh.cpp */; };
		15053BF517D5418C00C2FE2D /* TextureAtlas.cpp in Sources */ = {isa = PBXBuildFile; fileRef = 15053BF317D5418C00C2FE2D /* TextureAtlas.cpp */; };
		1556C7B517D63E7600811B85 /* PhysicsSystem2d.cpp in Sources */ = {isa = PBXBuildFile; fileRef = 1556C7B317D63E7600811B85 /* PhysicsSystem2d.cpp */; };
		1556C7B817D64EF300811B85 /* ScriptSystem.cpp in Sources */ = {isa = PBXBuildFile; fileRef = 1556C7B617D64EF300811B85 /* ScriptSystem.cpp */; };
		15D4415617D298C600A926F0 /* COPYING in Resources */ = {isa = PBXBuildFile; fileRef = 15D4413317D298C600A926F0 /* COPYING */; };
		15D4415717D298C600A926F0 /* Entity.cc in Sources */ = {isa = PBXBuildFile; fileRef = 15D4413417D298C600A926F0 /* Entity.cc */; };
		15D4415917D298C600A926F0 /* Event.cc in Sources */ = {isa = PBXBuildFile; fileRef = 15D4413717D298C600A926F0 /* Event.cc */; };
		15D4415B17D298C600A926F0 /* Manager.cc in Sources */ = {isa = PBXBuildFile; fileRef = 15D4413A17D298C600A926F0 /* Manager.cc */; };
		15D4416817D298C600A926F0 /* System.cc in Sources */ = {isa = PBXBuildFile; fileRef = 15D4414C17D298C600A926F0 /* System.cc */; };
		15D4416A17D298C600A926F0 /* TagsComponent.cc in Sources */ = {isa = PBXBuildFile; fileRef = 15D4415017D298C600A926F0 /* TagsComponent.cc */; };
		15D4417B17D409B400A926F0 /* BatchRenderSystem2d.cpp in Sources */ = {isa = PBXBuildFile; fileRef = 15D4417917D409B400A926F0 /* BatchRenderSystem2d.cpp */; };
		15D4417E17D40A3C00A926F0 /* PupTent.cpp in Sources */ = {isa = PBXBuildFile; fileRef = 15D4417C17D40A3C00A926F0 /* PupTent.cpp */; };
		2BC14B3DF87C4EADAA2A53A6 /* Sprite.cpp in Sources */ = {isa = PBXBuildFile; fileRef = 6709E3B5093C40E4ABC6414C /* Sprite.cpp */; };
		2CC77AAE2CEC44BB970D6A3F /* ImagePacker.cpp in Sources */ = {isa = PBXBuildFile; fileRef = 51EECC52FF46449CB328CBEE /* ImagePacker.cpp */; };
		309C6F5D770445D8A51544BF /* ExpandedPath3d.cpp in Sources */ = {isa = PBXBuildFile; fileRef = 8BC0544D8BE948CAAB3849D9 /* ExpandedPath3d.cpp */; };
		33B077D9B21C4A6A973C0DA6 /* PupTentApp.cpp in Sources */ = {isa = PBXBuildFile; fileRef = 5360D1B7B6C443D2B5370B74 /* PupTentApp.cpp */; };
		5323E6B20EAFCA74003A9687 /* CoreVideo.framework in Frameworks */ = {isa = PBXBuildFile; fileRef = 5323E6B10EAFCA74003A9687 /* CoreVideo.framework */; };
		5323E6B60EAFCA7E003A9687 /* QTKit.framework in Frameworks */ = {isa = PBXBuildFile; fileRef = 5323E6B50EAFCA7E003A9687 /* QTKit.framework */; };
		54664495FDB64345AD206626 /* LineUtils.cpp in Sources */ = {isa = PBXBuildFile; fileRef = 407622109A32482E87A74BE8 /* LineUtils.cpp */; };
		5AB6BEE0DB024EA8B3126366 /* ExpandedPath2d.cpp in Sources */ = {isa = PBXBuildFile; fileRef = 598481B85DFC474FA6B77932 /* ExpandedPath2d.cpp */; };
		760B05E6C6D24E8EAEC98321 /* ExpandedLine2d.cpp in Sources */ = {isa = PBXBuildFile; fileRef = E34EDDA169DF47DE99E5592E /* ExpandedLine2d.cpp */; };
		79D663C296144B1FACB3CD93 /* SpriteAnimation.cpp in Sources */ = {isa = PBXBuildFile; fileRef = E7FCF49F516D4E0E976DE374 /* SpriteAnimation.cpp */; };
		8D11072F0486CEB800E47090 /* Cocoa.framework in Frameworks */ = {isa = PBXBuildFile; fileRef = 1058C7A1FEA54F0111CA2CBB /* Cocoa.framework */; };
		CC4A488ACD9648628B387DFB /* AnimationUtils.cpp in Sources */ = {isa = PBXBuildFile; fileRef = DBFCA696D9074EB491DB23ED /* AnimationUtils.cpp */; };
		E701C741B41A410E8C0D5415 /* SpriteSheet.cpp in Sources */ = {isa = PBXBuildFile; fileRef = DAA8F74DAA974F1485EAE30B /* SpriteSheet.cpp */; };
		FA1936E3153D43439E5E059B /* ColorPalette.cpp in Sources */ = {isa = PBXBuildFile; fileRef = 0495832E96DC40A7B34AB66F /* ColorPalette.cpp */; };
/* End PBXBuildFile section */

/* Begin PBXFileReference section */
		0091D8F80E81B9330029341E /* OpenGL.framework */ = {isa = PBXFileReference; lastKnownFileType = wrapper.framework; name = OpenGL.framework; path = /System/Library/Frameworks/OpenGL.framework; sourceTree = "<absolute>"; };
		00B784AF0FF439BC000DE1D7 /* Accelerate.framework */ = {isa = PBXFileReference; lastKnownFileType = wrapper.framework; name = Accelerate.framework; path = System/Library/Frameworks/Accelerate.framework; sourceTree = SDKROOT; };
		00B784B00FF439BC000DE1D7 /* AudioToolbox.framework */ = {isa = PBXFileReference; lastKnownFileType = wrapper.framework; name = AudioToolbox.framework; path = System/Library/Frameworks/AudioToolbox.framework; sourceTree = SDKROOT; };
		00B784B10FF439BC000DE1D7 /* AudioUnit.framework */ = {isa = PBXFileReference; lastKnownFileType = wrapper.framework; name = AudioUnit.framework; path = System/Library/Frameworks/AudioUnit.framework; sourceTree = SDKROOT; };
		00B784B20FF439BC000DE1D7 /* CoreAudio.framework */ = {isa = PBXFileReference; lastKnownFileType = wrapper.framework; name = CoreAudio.framework; path = System/Library/Frameworks/CoreAudio.framework; sourceTree = SDKROOT; };
		0495832E96DC40A7B34AB66F /* ColorPalette.cpp */ = {isa = PBXFileReference; lastKnownFileType = sourcecode.c.cpp; name = ColorPalette.cpp; path = ../../../../Pockets/src/pockets/ColorPalette.cpp; sourceTree = "<group>"; };
		0F85005B9B6046EEBB74AB6D /* CinderApp.icns */ = {isa = PBXFileReference; lastKnownFileType = image.icns; name = CinderApp.icns; path = ../resources/CinderApp.icns; sourceTree = "<group>"; };
		1058C7A1FEA54F0111CA2CBB /* Cocoa.framework */ = {isa = PBXFileReference; lastKnownFileType = wrapper.framework; name = Cocoa.framework; path = /System/Library/Frameworks/Cocoa.framework; sourceTree = "<absolute>"; };
		15053BEA17D4EE9500C2FE2D /* SpriteAnimation.cpp */ = {isa = PBXFileReference; fileEncoding = 4; lastKnownFileType = sourcecode.cpp.cpp; path = SpriteAnimation.cpp; sourceTree = "<group>"; };
		15053BEB17D4EE9500C2FE2D /* SpriteAnimation.h */ = {isa = PBXFileReference; fileEncoding = 4; lastKnownFileType = sourcecode.c.h; path = SpriteAnimation.h; sourceTree = "<group>"; };
		15053BED17D4EF2900C2FE2D /* Locus.cpp */ = {isa = PBXFileReference; fileEncoding = 4; lastKnownFileType = sourcecode.cpp.cpp; path = Locus.cpp; sourceTree = "<group>"; };
		15053BEE17D4EF2900C2FE2D /* Locus.h */ = {isa = PBXFileReference; fileEncoding = 4; lastKnownFileType = sourcecode.c.h; path = Locus.h; sourceTree = "<group>"; };
		15053BF017D4F42D00C2FE2D /* RenderMesh.cpp */ = {isa = PBXFileReference; fileEncoding = 4; lastKnownFileType = sourcecode.cpp.cpp; path = RenderMesh.cpp; sourceTree = "<group>"; };
		15053BF117D4F42D00C2FE2D /* RenderMesh.h */ = {isa = PBXFileReference; fileEncoding = 4; lastKnownFileType = sourcecode.c.h; path = RenderMesh.h; sourceTree = "<group>"; };
		15053BF317D5418C00C2FE2D /* TextureAtlas.cpp */ = {isa = PBXFileReference; fileEncoding = 4; lastKnownFileType = sourcecode.cpp.cpp; path = TextureAtlas.cpp; sourceTree = "<group>"; };
		15053BF417D5418C00C2FE2D /* TextureAtlas.h */ = {isa = PBXFileReference; fileEncoding = 4; lastKnownFileType = sourcecode.c.h; path = TextureAtlas.h; sourceTree = "<group>"; };
		1556C7B317D63E7600811B85 /* PhysicsSystem2d.cpp */ = {isa = PBXFileReference; fileEncoding = 4; lastKnownFileType = sourcecode.cpp.cpp; path = PhysicsSystem2d.cpp; sourceTree = "<group>"; };
		1556C7B417D63E7600811B85 /* PhysicsSystem2d.h */ = {isa = PBXFileReference; fileEncoding = 4; lastKnownFileType = sourcecode.c.h; path = PhysicsSystem2d.h; sourceTree = "<group>"; };
		1556C7B617D64EF300811B85 /* ScriptSystem.cpp */ = {isa = PBXFileReference; fileEncoding = 4; lastKnownFileType = sourcecode.cpp.cpp; path = ScriptSystem.cpp; sourceTree = "<group>"; };
		1556C7B717D64EF300811B85 /* ScriptSystem.h */ = {isa = PBXFileReference; fileEncoding = 4; lastKnownFileType = sourcecode.c.h; path = ScriptSystem.h; sourceTree = "<group>"; };
		15D4413017D298C600A926F0 /* simplesignal.h */ = {isa = PBXFileReference; fileEncoding = 4; lastKnownFileType = sourcecode.c.h; path = simplesignal.h; sourceTree = "<group>"; };
		15D4413317D298C600A926F0 /* COPYING */ = {isa = PBXFileReference; fileEncoding = 4; lastKnownFileType = text; path = COPYING; sourceTree = "<group>"; };
		15D4413417D298C600A926F0 /* Entity.cc */ = {isa = PBXFileReference; fileEncoding = 4; lastKnownFileType = sourcecode.cpp.cpp; path = Entity.cc; sourceTree = "<group>"; };
		15D4413517D298C600A926F0 /* Entity.h */ = {isa = PBXFileReference; fileEncoding = 4; lastKnownFileType = sourcecode.c.h; path = Entity.h; sourceTree = "<group>"; };
		15D4413717D298C600A926F0 /* Event.cc */ = {isa = PBXFileReference; fileEncoding = 4; lastKnownFileType = sourcecode.cpp.cpp; path = Event.cc; sourceTree = "<group>"; };
		15D4413817D298C600A926F0 /* Event.h */ = {isa = PBXFileReference; fileEncoding = 4; lastKnownFileType = sourcecode.c.h; path = Event.h; sourceTree = "<group>"; };
		15D4413A17D298C600A926F0 /* Manager.cc */ = {isa = PBXFileReference; fileEncoding = 4; lastKnownFileType = sourcecode.cpp.cpp; path = Manager.cc; sourceTree = "<group>"; };
		15D4413B17D298C600A926F0 /* Manager.h */ = {isa = PBXFileReference; fileEncoding = 4; lastKnownFileType = sourcecode.c.h; path = Manager.h; sourceTree = "<group>"; };
		15D4414C17D298C600A926F0 /* System.cc */ = {isa = PBXFileReference; fileEncoding = 4; lastKnownFileType = sourcecode.cpp.cpp; path = System.cc; sourceTree = "<group>"; };
		15D4414D17D298C600A926F0 /* System.h */ = {isa = PBXFileReference; fileEncoding = 4; lastKnownFileType = sourcecode.c.h; path = System.h; sourceTree = "<group>"; };
		15D4415017D298C600A926F0 /* TagsComponent.cc */ = {isa = PBXFileReference; fileEncoding = 4; lastKnownFileType = sourcecode.cpp.cpp; path = TagsComponent.cc; sourceTree = "<group>"; };
		15D4415117D298C600A926F0 /* TagsComponent.h */ = {isa = PBXFileReference; fileEncoding = 4; lastKnownFileType = sourcecode.c.h; path = TagsComponent.h; sourceTree = "<group>"; };
		15D4416C17D29AEB00A926F0 /* config.h */ = {isa = PBXFileReference; lastKnownFileType = sourcecode.c.h; path = config.h; sourceTree = "<group>"; };
		15D4417917D409B400A926F0 /* BatchRenderSystem2d.cpp */ = {isa = PBXFileReference; fileEncoding = 4; lastKnownFileType = sourcecode.cpp.cpp; path = BatchRenderSystem2d.cpp; sourceTree = "<group>"; };
		15D4417A17D409B400A926F0 /* BatchRenderSystem2d.h */ = {isa = PBXFileReference; fileEncoding = 4; lastKnownFileType = sourcecode.c.h; path = BatchRenderSystem2d.h; sourceTree = "<group>"; };
		15D4417C17D40A3C00A926F0 /* PupTent.cpp */ = {isa = PBXFileReference; fileEncoding = 4; lastKnownFileType = sourcecode.cpp.cpp; path = PupTent.cpp; sourceTree = "<group>"; };
		15D4417D17D40A3C00A926F0 /* PupTent.h */ = {isa = PBXFileReference; fileEncoding = 4; lastKnownFileType = sourcecode.c.h; path = PupTent.h; sourceTree = "<group>"; };
		1C488A17000B4EB4A41BC68E /* FileUtils.cpp */ = {isa = PBXFileReference; lastKnownFileType = sourcecode.c.cpp; name = FileUtils.cpp; path = ../../../../Pockets/src/pockets/FileUtils.cpp; sourceTree = "<group>"; };
		24D4CB2D5E374C8F89E6CFAB /* ExpandedPath3d.h */ = {isa = PBXFileReference; lastKnownFileType = sourcecode.c.h; name = ExpandedPath3d.h; path = ../../../../Pockets/src/pockets/ExpandedPath3d.h; sourceTree = "<group>"; };
		29B97324FDCFA39411CA2CEA /* AppKit.framework */ = {isa = PBXFileReference; lastKnownFileType = wrapper.framework; name = AppKit.framework; path = /System/Library/Frameworks/AppKit.framework; sourceTree = "<absolute>"; };
		29B97325FDCFA39411CA2CEA /* Foundation.framework */ = {isa = PBXFileReference; lastKnownFileType = wrapper.framework; name = Foundation.framework; path = /System/Library/Frameworks/Foundation.framework; sourceTree = "<absolute>"; };
		3527BDC39FAD4B0F9D8CDF15 /* ColorPalette.h */ = {isa = PBXFileReference; lastKnownFileType = sourcecode.c.h; name = ColorPalette.h; path = ../../../../Pockets/src/pockets/ColorPalette.h; sourceTree = "<group>"; };
		407622109A32482E87A74BE8 /* LineUtils.cpp */ = {isa = PBXFileReference; lastKnownFileType = sourcecode.c.cpp; name = LineUtils.cpp; path = ../../../../Pockets/src/pockets/LineUtils.cpp; sourceTree = "<group>"; };
		4A9BD5C9EBED485B9C7B84C7 /* ExpandedLine2d.h */ = {isa = PBXFileReference; lastKnownFileType = sourcecode.c.h; name = ExpandedLine2d.h; path = ../../../../Pockets/src/pockets/ExpandedLine2d.h; sourceTree = "<group>"; };
		51EECC52FF46449CB328CBEE /* ImagePacker.cpp */ = {isa = PBXFileReference; lastKnownFileType = sourcecode.c.cpp; name = ImagePacker.cpp; path = ../../../../Pockets/src/pockets/ImagePacker.cpp; sourceTree = "<group>"; };
		5323E6B10EAFCA74003A9687 /* CoreVideo.framework */ = {isa = PBXFileReference; lastKnownFileType = wrapper.framework; name = CoreVideo.framework; path = /System/Library/Frameworks/CoreVideo.framework; sourceTree = "<absolute>"; };
		5323E6B50EAFCA7E003A9687 /* QTKit.framework */ = {isa = PBXFileReference; lastKnownFileType = wrapper.framework; name = QTKit.framework; path = /System/Library/Frameworks/QTKit.framework; sourceTree = "<absolute>"; };
		5360D1B7B6C443D2B5370B74 /* PupTentApp.cpp */ = {isa = PBXFileReference; lastKnownFileType = sourcecode.c.cpp; name = PupTentApp.cpp; path = ../src/PupTentApp.cpp; sourceTree = "<group>"; };
		598481B85DFC474FA6B77932 /* ExpandedPath2d.cpp */ = {isa = PBXFileReference; lastKnownFileType = sourcecode.c.cpp; name = ExpandedPath2d.cpp; path = ../../../../Pockets/src/pockets/ExpandedPath2d.cpp; sourceTree = "<group>"; };
		6273FF65F7A34A5B909D6EF3 /* SpriteAnimation.h */ = {isa = PBXFileReference; lastKnownFileType = sourcecode.c.h; name = SpriteAnimation.h; path = ../../../../Pockets/src/pockets/SpriteAnimation.h; sourceTree = "<group>"; };
		6550E6F2C9764F56A30D8C0F /* ImagePacker.h */ = {isa = PBXFileReference; lastKnownFileType = sourcecode.c.h; name = ImagePacker.h; path = ../../../../Pockets/src/pockets/ImagePacker.h; sourceTree = "<group>"; };
		6709E3B5093C40E4ABC6414C /* Sprite.cpp */ = {isa = PBXFileReference; lastKnownFileType = sourcecode.c.cpp; name = Sprite.cpp; path = ../../../../Pockets/src/pockets/Sprite.cpp; sourceTree = "<group>"; };
		723025DE31DF44BEA1B704DD /* ExpandedPath2d.h */ = {isa = PBXFileReference; lastKnownFileType = sourcecode.c.h; name = ExpandedPath2d.h; path = ../../../../Pockets/src/pockets/ExpandedPath2d.h; sourceTree = "<group>"; };
		7C4B6ED9EF5A4E409836C28F /* Pockets.h */ = {isa = PBXFileReference; lastKnownFileType = sourcecode.c.h; name = Pockets.h; path = ../../../../Pockets/src/pockets/Pockets.h; sourceTree = "<group>"; };
		81F5A5E56DDF428689119C3C /* AnimationUtils.h */ = {isa = PBXFileReference; lastKnownFileType = sourcecode.c.h; name = AnimationUtils.h; path = ../../../../Pockets/src/pockets/AnimationUtils.h; sourceTree = "<group>"; };
		8934A54DB8BA4BCAA04C3D68 /* Sprite.h */ = {isa = PBXFileReference; lastKnownFileType = sourcecode.c.h; name = Sprite.h; path = ../../../../Pockets/src/pockets/Sprite.h; sourceTree = "<group>"; };
		8BC0544D8BE948CAAB3849D9 /* ExpandedPath3d.cpp */ = {isa = PBXFileReference; lastKnownFileType = sourcecode.c.cpp; name = ExpandedPath3d.cpp; path = ../../../../Pockets/src/pockets/ExpandedPath3d.cpp; sourceTree = "<group>"; };
		8D1107320486CEB800E47090 /* PupTent.app */ = {isa = PBXFileReference; explicitFileType = wrapper.application; includeInIndex = 0; path = PupTent.app; sourceTree = BUILT_PRODUCTS_DIR; };
		B27BC93C281B42239CC063F4 /* Pockets.h */ = {isa = PBXFileReference; lastKnownFileType = sourcecode.c.h; name = Pockets.h; path = ../../../../Pockets/src/pockets/Pockets.h; sourceTree = "<group>"; };
		B8EB1BC704694BA591BD7076 /* LineUtils.h */ = {isa = PBXFileReference; lastKnownFileType = sourcecode.c.h; name = LineUtils.h; path = ../../../../Pockets/src/pockets/LineUtils.h; sourceTree = "<group>"; };
		B9337707381A4B84AC18C002 /* Resources.h */ = {isa = PBXFileReference; lastKnownFileType = sourcecode.c.h; name = Resources.h; path = ../include/Resources.h; sourceTree = "<group>"; };
		C2B5FCC1D2E3407D86D92125 /* SpriteSheet.h */ = {isa = PBXFileReference; lastKnownFileType = sourcecode.c.h; name = SpriteSheet.h; path = ../../../../Pockets/src/pockets/SpriteSheet.h; sourceTree = "<group>"; };
		DAA8F74DAA974F1485EAE30B /* SpriteSheet.cpp */ = {isa = PBXFileReference; lastKnownFileType = sourcecode.c.cpp; name = SpriteSheet.cpp; path = ../../../../Pockets/src/pockets/SpriteSheet.cpp; sourceTree = "<group>"; };
		DBFCA696D9074EB491DB23ED /* AnimationUtils.cpp */ = {isa = PBXFileReference; lastKnownFileType = sourcecode.c.cpp; name = AnimationUtils.cpp; path = ../../../../Pockets/src/pockets/AnimationUtils.cpp; sourceTree = "<group>"; };
		E24707F2D09149F4B2FC7E6C /* FileUtils.h */ = {isa = PBXFileReference; lastKnownFileType = sourcecode.c.h; name = FileUtils.h; path = ../../../../Pockets/src/pockets/FileUtils.h; sourceTree = "<group>"; };
		E34EDDA169DF47DE99E5592E /* ExpandedLine2d.cpp */ = {isa = PBXFileReference; lastKnownFileType = sourcecode.c.cpp; name = ExpandedLine2d.cpp; path = ../../../../Pockets/src/pockets/ExpandedLine2d.cpp; sourceTree = "<group>"; };
		E6125CD7AD6747D3B5089760 /* PupTent_Prefix.pch */ = {isa = PBXFileReference; lastKnownFileType = "\"\""; path = PupTent_Prefix.pch; sourceTree = "<group>"; };
		E7FCF49F516D4E0E976DE374 /* SpriteAnimation.cpp */ = {isa = PBXFileReference; lastKnownFileType = sourcecode.c.cpp; name = SpriteAnimation.cpp; path = ../../../../Pockets/src/pockets/SpriteAnimation.cpp; sourceTree = "<group>"; };
		F0CB73AED7CE431B967E1A2C /* Info.plist */ = {isa = PBXFileReference; lastKnownFileType = text.plist.xml; path = Info.plist; sourceTree = "<group>"; };
/* End PBXFileReference section */

/* Begin PBXFrameworksBuildPhase section */
		8D11072E0486CEB800E47090 /* Frameworks */ = {
			isa = PBXFrameworksBuildPhase;
			buildActionMask = 2147483647;
			files = (
				8D11072F0486CEB800E47090 /* Cocoa.framework in Frameworks */,
				0091D8F90E81B9330029341E /* OpenGL.framework in Frameworks */,
				5323E6B20EAFCA74003A9687 /* CoreVideo.framework in Frameworks */,
				5323E6B60EAFCA7E003A9687 /* QTKit.framework in Frameworks */,
				00B784B30FF439BC000DE1D7 /* Accelerate.framework in Frameworks */,
				00B784B40FF439BC000DE1D7 /* AudioToolbox.framework in Frameworks */,
				00B784B50FF439BC000DE1D7 /* AudioUnit.framework in Frameworks */,
				00B784B60FF439BC000DE1D7 /* CoreAudio.framework in Frameworks */,
			);
			runOnlyForDeploymentPostprocessing = 0;
		};
/* End PBXFrameworksBuildPhase section */

/* Begin PBXGroup section */
		01B97315FEAEA392516A2CEA /* Blocks */ = {
			isa = PBXGroup;
			children = (
				15D4412D17D298C600A926F0 /* PupTent */,
				7EAA324D9DF74D7DB97E7832 /* Pockets */,
			);
			name = Blocks;
			sourceTree = "<group>";
		};
		080E96DDFE201D6D7F000001 /* Source */ = {
			isa = PBXGroup;
			children = (
				5360D1B7B6C443D2B5370B74 /* PupTentApp.cpp */,
			);
			name = Source;
			sourceTree = "<group>";
		};
		1058C7A0FEA54F0111CA2CBB /* Linked Frameworks */ = {
			isa = PBXGroup;
			children = (
				00B784AF0FF439BC000DE1D7 /* Accelerate.framework */,
				00B784B00FF439BC000DE1D7 /* AudioToolbox.framework */,
				00B784B10FF439BC000DE1D7 /* AudioUnit.framework */,
				00B784B20FF439BC000DE1D7 /* CoreAudio.framework */,
				5323E6B50EAFCA7E003A9687 /* QTKit.framework */,
				5323E6B10EAFCA74003A9687 /* CoreVideo.framework */,
				0091D8F80E81B9330029341E /* OpenGL.framework */,
				1058C7A1FEA54F0111CA2CBB /* Cocoa.framework */,
			);
			name = "Linked Frameworks";
			sourceTree = "<group>";
		};
		1058C7A2FEA54F0111CA2CBB /* Other Frameworks */ = {
			isa = PBXGroup;
			children = (
				29B97324FDCFA39411CA2CEA /* AppKit.framework */,
				29B97325FDCFA39411CA2CEA /* Foundation.framework */,
			);
			name = "Other Frameworks";
			sourceTree = "<group>";
		};
		15D4412D17D298C600A926F0 /* PupTent */ = {
			isa = PBXGroup;
			children = (
				15D4412E17D298C600A926F0 /* entityx */,
				15D4415317D298C600A926F0 /* puptent */,
			);
			name = PupTent;
			path = ../../../src;
			sourceTree = "<group>";
		};
		15D4412E17D298C600A926F0 /* entityx */ = {
			isa = PBXGroup;
			children = (
				15D4416C17D29AEB00A926F0 /* config.h */,
				15D4412F17D298C600A926F0 /* 3rdparty */,
				15D4413317D298C600A926F0 /* COPYING */,
				15D4413417D298C600A926F0 /* Entity.cc */,
				15D4413517D298C600A926F0 /* Entity.h */,
				15D4413717D298C600A926F0 /* Event.cc */,
				15D4413817D298C600A926F0 /* Event.h */,
				15D4413A17D298C600A926F0 /* Manager.cc */,
				15D4413B17D298C600A926F0 /* Manager.h */,
				15D4414C17D298C600A926F0 /* System.cc */,
				15D4414D17D298C600A926F0 /* System.h */,
				15D4414F17D298C600A926F0 /* tags */,
			);
			path = entityx;
			sourceTree = "<group>";
		};
		15D4412F17D298C600A926F0 /* 3rdparty */ = {
			isa = PBXGroup;
			children = (
				15D4413017D298C600A926F0 /* simplesignal.h */,
			);
			path = 3rdparty;
			sourceTree = "<group>";
		};
		15D4414F17D298C600A926F0 /* tags */ = {
			isa = PBXGroup;
			children = (
				15D4415017D298C600A926F0 /* TagsComponent.cc */,
				15D4415117D298C600A926F0 /* TagsComponent.h */,
			);
			path = tags;
			sourceTree = "<group>";
		};
		15D4415317D298C600A926F0 /* puptent */ = {
			isa = PBXGroup;
			children = (
				15D4417917D409B400A926F0 /* BatchRenderSystem2d.cpp */,
				15D4417A17D409B400A926F0 /* BatchRenderSystem2d.h */,
				15D4417C17D40A3C00A926F0 /* PupTent.cpp */,
				15D4417D17D40A3C00A926F0 /* PupTent.h */,
				15053BEA17D4EE9500C2FE2D /* SpriteAnimation.cpp */,
				15053BEB17D4EE9500C2FE2D /* SpriteAnimation.h */,
				15053BED17D4EF2900C2FE2D /* Locus.cpp */,
				15053BEE17D4EF2900C2FE2D /* Locus.h */,
				15053BF017D4F42D00C2FE2D /* RenderMesh.cpp */,
				15053BF117D4F42D00C2FE2D /* RenderMesh.h */,
				15053BF317D5418C00C2FE2D /* TextureAtlas.cpp */,
				15053BF417D5418C00C2FE2D /* TextureAtlas.h */,
				1556C7B317D63E7600811B85 /* PhysicsSystem2d.cpp */,
				1556C7B417D63E7600811B85 /* PhysicsSystem2d.h */,
				1556C7B617D64EF300811B85 /* ScriptSystem.cpp */,
				1556C7B717D64EF300811B85 /* ScriptSystem.h */,
			);
			path = puptent;
			sourceTree = "<group>";
		};
		19C28FACFE9D520D11CA2CBB /* Products */ = {
			isa = PBXGroup;
			children = (
				8D1107320486CEB800E47090 /* PupTent.app */,
			);
			name = Products;
			sourceTree = "<group>";
		};
		29B97314FDCFA39411CA2CEA /* PupTent */ = {
			isa = PBXGroup;
			children = (
				01B97315FEAEA392516A2CEA /* Blocks */,
				29B97315FDCFA39411CA2CEA /* Headers */,
				080E96DDFE201D6D7F000001 /* Source */,
				29B97317FDCFA39411CA2CEA /* Resources */,
				29B97323FDCFA39411CA2CEA /* Frameworks */,
				19C28FACFE9D520D11CA2CBB /* Products */,
			);
			name = PupTent;
			sourceTree = "<group>";
		};
		29B97315FDCFA39411CA2CEA /* Headers */ = {
			isa = PBXGroup;
			children = (
				B9337707381A4B84AC18C002 /* Resources.h */,
				E6125CD7AD6747D3B5089760 /* PupTent_Prefix.pch */,
			);
			name = Headers;
			sourceTree = "<group>";
		};
		29B97317FDCFA39411CA2CEA /* Resources */ = {
			isa = PBXGroup;
			children = (
				0F85005B9B6046EEBB74AB6D /* CinderApp.icns */,
				F0CB73AED7CE431B967E1A2C /* Info.plist */,
			);
			name = Resources;
			sourceTree = "<group>";
		};
		29B97323FDCFA39411CA2CEA /* Frameworks */ = {
			isa = PBXGroup;
			children = (
				1058C7A0FEA54F0111CA2CBB /* Linked Frameworks */,
				1058C7A2FEA54F0111CA2CBB /* Other Frameworks */,
			);
			name = Frameworks;
			sourceTree = "<group>";
		};
		58224096B73D450584848ECA /* src */ = {
			isa = PBXGroup;
			children = (
				951385A6C77D4CA8B479DD48 /* pockets */,
			);
			name = src;
			sourceTree = "<group>";
		};
		7EAA324D9DF74D7DB97E7832 /* Pockets */ = {
			isa = PBXGroup;
			children = (
				58224096B73D450584848ECA /* src */,
			);
			name = Pockets;
			sourceTree = "<group>";
		};
		951385A6C77D4CA8B479DD48 /* pockets */ = {
			isa = PBXGroup;
			children = (
				DBFCA696D9074EB491DB23ED /* AnimationUtils.cpp */,
				0495832E96DC40A7B34AB66F /* ColorPalette.cpp */,
				E34EDDA169DF47DE99E5592E /* ExpandedLine2d.cpp */,
				598481B85DFC474FA6B77932 /* ExpandedPath2d.cpp */,
				8BC0544D8BE948CAAB3849D9 /* ExpandedPath3d.cpp */,
				1C488A17000B4EB4A41BC68E /* FileUtils.cpp */,
				51EECC52FF46449CB328CBEE /* ImagePacker.cpp */,
				407622109A32482E87A74BE8 /* LineUtils.cpp */,
				6709E3B5093C40E4ABC6414C /* Sprite.cpp */,
				E7FCF49F516D4E0E976DE374 /* SpriteAnimation.cpp */,
				DAA8F74DAA974F1485EAE30B /* SpriteSheet.cpp */,
				81F5A5E56DDF428689119C3C /* AnimationUtils.h */,
				3527BDC39FAD4B0F9D8CDF15 /* ColorPalette.h */,
				4A9BD5C9EBED485B9C7B84C7 /* ExpandedLine2d.h */,
				723025DE31DF44BEA1B704DD /* ExpandedPath2d.h */,
				24D4CB2D5E374C8F89E6CFAB /* ExpandedPath3d.h */,
				E24707F2D09149F4B2FC7E6C /* FileUtils.h */,
				6550E6F2C9764F56A30D8C0F /* ImagePacker.h */,
				B8EB1BC704694BA591BD7076 /* LineUtils.h */,
				B27BC93C281B42239CC063F4 /* Pockets.h */,
				8934A54DB8BA4BCAA04C3D68 /* Sprite.h */,
				6273FF65F7A34A5B909D6EF3 /* SpriteAnimation.h */,
				C2B5FCC1D2E3407D86D92125 /* SpriteSheet.h */,
				7C4B6ED9EF5A4E409836C28F /* Pockets.h */,
			);
			name = pockets;
			sourceTree = "<group>";
		};
/* End PBXGroup section */

/* Begin PBXNativeTarget section */
		8D1107260486CEB800E47090 /* PupTent */ = {
			isa = PBXNativeTarget;
			buildConfigurationList = C01FCF4A08A954540054247B /* Build configuration list for PBXNativeTarget "PupTent" */;
			buildPhases = (
				8D1107290486CEB800E47090 /* Resources */,
				8D11072C0486CEB800E47090 /* Sources */,
				8D11072E0486CEB800E47090 /* Frameworks */,
			);
			buildRules = (
			);
			dependencies = (
			);
			name = PupTent;
			productInstallPath = "$(HOME)/Applications";
			productName = PupTent;
			productReference = 8D1107320486CEB800E47090 /* PupTent.app */;
			productType = "com.apple.product-type.application";
		};
/* End PBXNativeTarget section */

/* Begin PBXProject section */
		29B97313FDCFA39411CA2CEA /* Project object */ = {
			isa = PBXProject;
			attributes = {
			};
			buildConfigurationList = C01FCF4E08A954540054247B /* Build configuration list for PBXProject "PupTent" */;
			compatibilityVersion = "Xcode 3.2";
			developmentRegion = English;
			hasScannedForEncodings = 1;
			knownRegions = (
				English,
				Japanese,
				French,
				German,
			);
			mainGroup = 29B97314FDCFA39411CA2CEA /* PupTent */;
			projectDirPath = "";
			projectRoot = "";
			targets = (
				8D1107260486CEB800E47090 /* PupTent */,
			);
		};
/* End PBXProject section */

/* Begin PBXResourcesBuildPhase section */
		8D1107290486CEB800E47090 /* Resources */ = {
			isa = PBXResourcesBuildPhase;
			buildActionMask = 2147483647;
			files = (
				15D4415617D298C600A926F0 /* COPYING in Resources */,
				1432D287CA264169832FA33A /* CinderApp.icns in Resources */,
			);
			runOnlyForDeploymentPostprocessing = 0;
		};
/* End PBXResourcesBuildPhase section */

/* Begin PBXSourcesBuildPhase section */
		8D11072C0486CEB800E47090 /* Sources */ = {
			isa = PBXSourcesBuildPhase;
			buildActionMask = 2147483647;
			files = (
				15D4417B17D409B400A926F0 /* BatchRenderSystem2d.cpp in Sources */,
				15053BEF17D4EF2900C2FE2D /* Locus.cpp in Sources */,
				1556C7B517D63E7600811B85 /* PhysicsSystem2d.cpp in Sources */,
				33B077D9B21C4A6A973C0DA6 /* PupTentApp.cpp in Sources */,
				CC4A488ACD9648628B387DFB /* AnimationUtils.cpp in Sources */,
				15053BF217D4F42D00C2FE2D /* RenderMesh.cpp in Sources */,
				FA1936E3153D43439E5E059B /* ColorPalette.cpp in Sources */,
				760B05E6C6D24E8EAEC98321 /* ExpandedLine2d.cpp in Sources */,
				15D4416A17D298C600A926F0 /* TagsComponent.cc in Sources */,
				15053BEC17D4EE9500C2FE2D /* SpriteAnimation.cpp in Sources */,
				15D4416817D298C600A926F0 /* System.cc in Sources */,
				5AB6BEE0DB024EA8B3126366 /* ExpandedPath2d.cpp in Sources */,
				309C6F5D770445D8A51544BF /* ExpandedPath3d.cpp in Sources */,
				06D2053C8A0E4EE09D31C099 /* FileUtils.cpp in Sources */,
				2CC77AAE2CEC44BB970D6A3F /* ImagePacker.cpp in Sources */,
				54664495FDB64345AD206626 /* LineUtils.cpp in Sources */,
				15D4415B17D298C600A926F0 /* Manager.cc in Sources */,
				1556C7B817D64EF300811B85 /* ScriptSystem.cpp in Sources */,
				15D4415717D298C600A926F0 /* Entity.cc in Sources */,
				15D4417E17D40A3C00A926F0 /* PupTent.cpp in Sources */,
				2BC14B3DF87C4EADAA2A53A6 /* Sprite.cpp in Sources */,
				15D4415917D298C600A926F0 /* Event.cc in Sources */,
				79D663C296144B1FACB3CD93 /* SpriteAnimation.cpp in Sources */,
				E701C741B41A410E8C0D5415 /* SpriteSheet.cpp in Sources */,
				15053BF517D5418C00C2FE2D /* TextureAtlas.cpp in Sources */,
			);
			runOnlyForDeploymentPostprocessing = 0;
		};
/* End PBXSourcesBuildPhase section */

/* Begin XCBuildConfiguration section */
		C01FCF4B08A954540054247B /* Debug */ = {
			isa = XCBuildConfiguration;
			buildSettings = {
				COMBINE_HIDPI_IMAGES = YES;
				COPY_PHASE_STRIP = NO;
				DEAD_CODE_STRIPPING = YES;
				GCC_DYNAMIC_NO_PIC = NO;
				GCC_INLINES_ARE_PRIVATE_EXTERN = YES;
				GCC_OPTIMIZATION_LEVEL = 0;
				GCC_PRECOMPILE_PREFIX_HEADER = YES;
				GCC_PREFIX_HEADER = PupTent_Prefix.pch;
				GCC_PREPROCESSOR_DEFINITIONS = (
					"DEBUG=1",
					"$(inherited)",
				);
				GCC_SYMBOLS_PRIVATE_EXTERN = NO;
				INFOPLIST_FILE = Info.plist;
				INSTALL_PATH = "$(HOME)/Applications";
				OTHER_LDFLAGS = "\"$(CINDER_PATH)/lib/libcinder_d.a\"";
				PRODUCT_NAME = PupTent;
				SYMROOT = ./build;
				USER_HEADER_SEARCH_PATHS = "\"$(CINDER_PATH)/include\" ../include ../../../../Pockets/src ../../../src";
				WRAPPER_EXTENSION = app;
			};
			name = Debug;
		};
		C01FCF4C08A954540054247B /* Release */ = {
			isa = XCBuildConfiguration;
			buildSettings = {
				COMBINE_HIDPI_IMAGES = YES;
				DEAD_CODE_STRIPPING = YES;
				DEBUG_INFORMATION_FORMAT = "dwarf-with-dsym";
				GCC_FAST_MATH = YES;
				GCC_GENERATE_DEBUGGING_SYMBOLS = NO;
				GCC_INLINES_ARE_PRIVATE_EXTERN = YES;
				GCC_OPTIMIZATION_LEVEL = 3;
				GCC_PRECOMPILE_PREFIX_HEADER = YES;
				GCC_PREFIX_HEADER = PupTent_Prefix.pch;
				GCC_SYMBOLS_PRIVATE_EXTERN = NO;
				INFOPLIST_FILE = Info.plist;
				INSTALL_PATH = "$(HOME)/Applications";
				OTHER_LDFLAGS = "\"$(CINDER_PATH)/lib/libcinder.a\"";
				PRODUCT_NAME = PupTent;
				STRIP_INSTALLED_PRODUCT = YES;
				SYMROOT = ./build;
				USER_HEADER_SEARCH_PATHS = "\"$(CINDER_PATH)/include\" ../include ../../../../Pockets/src ../../../src";
				WRAPPER_EXTENSION = app;
			};
			name = Release;
		};
		C01FCF4F08A954540054247B /* Debug */ = {
			isa = XCBuildConfiguration;
			buildSettings = {
				ALWAYS_SEARCH_USER_PATHS = NO;
				ARCHS = i386;
				CINDER_PATH = ../../../../..;
				CLANG_CXX_LANGUAGE_STANDARD = "c++0x";
				CLANG_CXX_LIBRARY = "libc++";
				GCC_WARN_ABOUT_RETURN_TYPE = YES;
				GCC_WARN_UNUSED_VARIABLE = YES;
				HEADER_SEARCH_PATHS = "\"$(CINDER_PATH)/boost\"";
				MACOSX_DEPLOYMENT_TARGET = 10.7;
				SDKROOT = macosx;
				USER_HEADER_SEARCH_PATHS = "\"$(CINDER_PATH)/include\" ../include ../../../../Pockets/src";
			};
			name = Debug;
		};
		C01FCF5008A954540054247B /* Release */ = {
			isa = XCBuildConfiguration;
			buildSettings = {
				ALWAYS_SEARCH_USER_PATHS = NO;
				ARCHS = i386;
				CINDER_PATH = ../../../../..;
				CLANG_CXX_LANGUAGE_STANDARD = "c++0x";
				CLANG_CXX_LIBRARY = "libc++";
				GCC_WARN_ABOUT_RETURN_TYPE = YES;
				GCC_WARN_UNUSED_VARIABLE = YES;
				HEADER_SEARCH_PATHS = "\"$(CINDER_PATH)/boost\"";
				MACOSX_DEPLOYMENT_TARGET = 10.7;
				SDKROOT = macosx;
				USER_HEADER_SEARCH_PATHS = "\"$(CINDER_PATH)/include\" ../include ../../../../Pockets/src";
			};
			name = Release;
		};
/* End XCBuildConfiguration section */

/* Begin XCConfigurationList section */
		C01FCF4A08A954540054247B /* Build configuration list for PBXNativeTarget "PupTent" */ = {
			isa = XCConfigurationList;
			buildConfigurations = (
				C01FCF4B08A954540054247B /* Debug */,
				C01FCF4C08A954540054247B /* Release */,
			);
			defaultConfigurationIsVisible = 0;
			defaultConfigurationName = Release;
		};
		C01FCF4E08A954540054247B /* Build configuration list for PBXProject "PupTent" */ = {
			isa = XCConfigurationList;
			buildConfigurations = (
				C01FCF4F08A954540054247B /* Debug */,
				C01FCF5008A954540054247B /* Release */,
			);
			defaultConfigurationIsVisible = 0;
			defaultConfigurationName = Release;
		};
/* End XCConfigurationList section */
	};
	rootObject = 29B97313FDCFA39411CA2CEA /* Project object */;
}
