// !$*UTF8*$!
{
	archiveVersion = 1;
	classes = {
	};
	objectVersion = 46;
	objects = {

/* Begin PBXBuildFile section */
		0087D25512CD809F002CD69F /* CoreText.framework in Frameworks */ = {isa = PBXBuildFile; fileRef = 0087D25412CD809F002CD69F /* CoreText.framework */; };
		00CFDF6B1138442D0091E310 /* CoreGraphics.framework in Frameworks */ = {isa = PBXBuildFile; fileRef = 00CFDF6A1138442D0091E310 /* CoreGraphics.framework */; };
		C725E001121DAC8FFFFA18FF /* ImageIO.framework in Frameworks */ = {isa = PBXBuildFile; fileRef = 00CFDF6A1138442D0091FFFF /* ImageIO.framework */; };
		DDDDE001121DAC8FFFFADDDD /* MobileCoreServices.framework in Frameworks */ = {isa = PBXBuildFile; fileRef = DDDDDF6A1138442D0091DDDD /* MobileCoreServices.framework */; };
		1D60589F0D05DD5A006BFB54 /* Foundation.framework in Frameworks */ = {isa = PBXBuildFile; fileRef = 1D30AB110D05D00D00671497 /* Foundation.framework */; };
		1DF5F4E00D08C38300B7A737 /* UIKit.framework in Frameworks */ = {isa = PBXBuildFile; fileRef = 1DF5F4DF0D08C38300B7A737 /* UIKit.framework */; };
		28FD15000DC6FC520079059D /* OpenGLES.framework in Frameworks */ = {isa = PBXBuildFile; fileRef = 28FD14FF0DC6FC520079059D /* OpenGLES.framework */; };
		28FD15080DC6FC5B0079059D /* QuartzCore.framework in Frameworks */ = {isa = PBXBuildFile; fileRef = 28FD15070DC6FC5B0079059D /* QuartzCore.framework */; };
		C725DFFE121DAC7F00FA186B /* CoreMedia.framework in Frameworks */ = {isa = PBXBuildFile; fileRef = C727C02B121B400300192073 /* CoreMedia.framework */; settings = {
	ATTRIBUTES = (
		Weak,
	);
}; };
		C725E001121DAC8F00FA186B /* AVFoundation.framework in Frameworks */ = {isa = PBXBuildFile; fileRef = C725E000121DAC8F00FA186B /* AVFoundation.framework */; settings = {
	ATTRIBUTES = (
		Weak,
	);
}; };
		C727C02E121B400300192073 /* CoreVideo.framework in Frameworks */ = {isa = PBXBuildFile; fileRef = C727C02D121B400300192073 /* CoreVideo.framework */; settings = {
	ATTRIBUTES = (
		Weak,
	);
}; };
		C7FB19D6124BC0D70045AFD2 /* AudioToolbox.framework in Frameworks */ = {isa = PBXBuildFile; fileRef = C7FB19D5124BC0D70045AFD2 /* AudioToolbox.framework */; };
		00748058165D41390024B57A /* assets in Resources */ = {isa = PBXBuildFile; fileRef = 00748057165D41390024B57A /* assets */; };
		51BA25B68BA9472C8D7DBB63 /* Pockets.h in Headers */ = {isa = PBXBuildFile; fileRef = 2E401A44029D4BDA96A03F0F /* Pockets.h */; };
		7C1A33BEFAF1407FBF95685E /* Vbo.h in Headers */ = {isa = PBXBuildFile; fileRef = A5540D8950C44E799F73F6D8 /* Vbo.h */; };
		8F97B189ABC64DFD99D0DBF2 /* Vbo.cpp in Sources */ = {isa = PBXBuildFile; fileRef = B618910A52124256A69FB4A6 /* Vbo.cpp */; };
		46F221B0A4EE4D1DB4E7ABEA /* SweptPath3d.h in Headers */ = {isa = PBXBuildFile; fileRef = 5B2C8625F1924FD5AFE473CE /* SweptPath3d.h */; };
		F7B84E5E3A144442AE842F22 /* SpriteSheet.h in Headers */ = {isa = PBXBuildFile; fileRef = 97F46FFF93C44CF4AD2D56DD /* SpriteSheet.h */; };
		F14FE9917CF14EF5800F8011 /* SpriteAnimation.h in Headers */ = {isa = PBXBuildFile; fileRef = 0BDB41ACC08F4A088929B2C1 /* SpriteAnimation.h */; };
		534540FD17784D39BC9A90E2 /* Sprite.h in Headers */ = {isa = PBXBuildFile; fileRef = 7EDE10F9E14C4B0FAB2CA96F /* Sprite.h */; };
		12E5859F3DE74528A5AAC668 /* SimpleRenderer.h in Headers */ = {isa = PBXBuildFile; fileRef = 452F154DA3D34EE7B9D2EAF0 /* SimpleRenderer.h */; };
		336D0285E4BD4B74B012DA9F /* Renderer2d.h in Headers */ = {isa = PBXBuildFile; fileRef = 0413D9D6B3C84BD38EE28D3B /* Renderer2d.h */; };
		C4A6B200913246F68B473861 /* Pockets.h in Headers */ = {isa = PBXBuildFile; fileRef = 26287172E216435CAA7CFE20 /* Pockets.h */; };
		40E1C4C2D1D94C2FBEF224DB /* Locus2d.h in Headers */ = {isa = PBXBuildFile; fileRef = 13B47A481CCD41F2A7D3260C /* Locus2d.h */; };
		85AFF442483C4064AE5DC913 /* LineUtils.h in Headers */ = {isa = PBXBuildFile; fileRef = FC27750B921A475CBB2E3172 /* LineUtils.h */; };
		22746506223C4B779D995CFE /* ImagePacker.h in Headers */ = {isa = PBXBuildFile; fileRef = 849FC88DDE744109B788808D /* ImagePacker.h */; };
		F5415998774346DFBF4EC274 /* FileUtils.h in Headers */ = {isa = PBXBuildFile; fileRef = A8F32DCA21984F2190389C96 /* FileUtils.h */; };
		CB09947BF19F4751946D9F34 /* ExpandedPath3d.h in Headers */ = {isa = PBXBuildFile; fileRef = DB7CBF6B559448DF9A98D063 /* ExpandedPath3d.h */; };
		301894EE581443B49B93C928 /* ExpandedPath2d.h in Headers */ = {isa = PBXBuildFile; fileRef = 32AF12A8540C42C7911D6560 /* ExpandedPath2d.h */; };
		45927DC867EB45039828FCEE /* ExpandedLine2d.h in Headers */ = {isa = PBXBuildFile; fileRef = 45AFEE21538348A0B3A81394 /* ExpandedLine2d.h */; };
		D907283714654B86AE752B44 /* ColorPalette.h in Headers */ = {isa = PBXBuildFile; fileRef = 696DF0844DED4E6DB45BDA32 /* ColorPalette.h */; };
		B075101B793C48D4A166D2E1 /* AnimationUtils.h in Headers */ = {isa = PBXBuildFile; fileRef = 63A05D0956EB447EAB4BC907 /* AnimationUtils.h */; };
		422A3227A3A9458CAA063252 /* SweptPath3d.cpp in Sources */ = {isa = PBXBuildFile; fileRef = BAB112DFCA5D424088F2947C /* SweptPath3d.cpp */; };
		ACD4CE1F93304496BC593FA0 /* SpriteSheet.cpp in Sources */ = {isa = PBXBuildFile; fileRef = B5316C7BB0DF4B3EB17DB00B /* SpriteSheet.cpp */; };
		BDDF825FEEF743DFB3864E12 /* SpriteAnimation.cpp in Sources */ = {isa = PBXBuildFile; fileRef = 3E60578E009E4FBE84EADFE9 /* SpriteAnimation.cpp */; };
		0B9538D5BA014891AB1761E0 /* Sprite.cpp in Sources */ = {isa = PBXBuildFile; fileRef = C5840CF8DB2744D3B5268CC8 /* Sprite.cpp */; };
		84438B86541D43949222A101 /* SimpleRenderer.cpp in Sources */ = {isa = PBXBuildFile; fileRef = D4A470215DDD446AB3ECB154 /* SimpleRenderer.cpp */; };
		7854A7A6FA2F4A699BAF49D7 /* Renderer2d.cpp in Sources */ = {isa = PBXBuildFile; fileRef = 14210D57CED0467689955FD6 /* Renderer2d.cpp */; };
		93FA65B9EBF64337A6F87FC7 /* Locus2d.cpp in Sources */ = {isa = PBXBuildFile; fileRef = EB474D60956243EDBA0E8A46 /* Locus2d.cpp */; };
		1BAFC88AB7D24C92BA60E9D3 /* LineUtils.cpp in Sources */ = {isa = PBXBuildFile; fileRef = 86D9C849651E48BD98F3734E /* LineUtils.cpp */; };
		370DFB3C5DC7471E9B60F65C /* ImagePacker.cpp in Sources */ = {isa = PBXBuildFile; fileRef = 78DF75ABCC3542C48FC59FCA /* ImagePacker.cpp */; };
		1A20513C2E61451BBFAA44BF /* FileUtils.cpp in Sources */ = {isa = PBXBuildFile; fileRef = 5076035A06EE48CA9D641A77 /* FileUtils.cpp */; };
		BA3F7B5383BC4F68B2651B0C /* ExpandedPath3d.cpp in Sources */ = {isa = PBXBuildFile; fileRef = B2ABA88B8B634121B1549A25 /* ExpandedPath3d.cpp */; };
		8C46AD11507D4FB78DEE84B2 /* ExpandedPath2d.cpp in Sources */ = {isa = PBXBuildFile; fileRef = 03AAD64826884F829EF6BACE /* ExpandedPath2d.cpp */; };
		244684CA05DB4EB38F5AFF37 /* ExpandedLine2d.cpp in Sources */ = {isa = PBXBuildFile; fileRef = F9F4A346D30148A5A3BB708A /* ExpandedLine2d.cpp */; };
		25BBA952A8154520A0F5B795 /* ColorPalette.cpp in Sources */ = {isa = PBXBuildFile; fileRef = E0CA9FC9289441C190EAC450 /* ColorPalette.cpp */; };
		17F0F428E4174630900DF5AD /* AnimationUtils.cpp in Sources */ = {isa = PBXBuildFile; fileRef = 3A47FD1EF4A140E0A9F2B2E5 /* AnimationUtils.cpp */; };
		08B08B0ED2CB4017AF4625D0 /* PupTent_Prefix.pch in Headers */ = {isa = PBXBuildFile; fileRef = F9307567262E4908B356D5B4 /* PupTent_Prefix.pch */; };
		012F1FACD585413184396AD1 /* Default-568h@2x.png in Resources */ = {isa = PBXBuildFile; fileRef = 0EDA0BA1286346DBB1E59B46 /* Default-568h@2x.png */; };
		16D348B8FF614C02BCC8C291 /* CinderApp_ios.png in Resources */ = {isa = PBXBuildFile; fileRef = 3C6427FF253946878121B922 /* CinderApp_ios.png */; };
		E865B188FB814E3B81644732 /* Resources.h in Headers */ = {isa = PBXBuildFile; fileRef = 0902ECF5768241E2B6C881EA /* Resources.h */; };
		1FEE3AA238AD42BCBEF309B7 /* PupTentApp.cpp in Sources */ = {isa = PBXBuildFile; fileRef = A109DCF98FF74CA182887AA7 /* PupTentApp.cpp */; };
/* End PBXBuildFile section */

/* Begin PBXFileReference section */
		00692BCF14FF149000D0A05E /* PupTent.app */ = {isa = PBXFileReference; explicitFileType = wrapper.application; includeInIndex = 0; path = PupTent.app; sourceTree = BUILT_PRODUCTS_DIR; };
		0087D25412CD809F002CD69F /* CoreText.framework */ = {isa = PBXFileReference; lastKnownFileType = wrapper.framework; name = CoreText.framework; path = System/Library/Frameworks/CoreText.framework; sourceTree = SDKROOT; };
		00CFDF6A1138442D0091E310 /* CoreGraphics.framework */ = {isa = PBXFileReference; lastKnownFileType = wrapper.framework; name = CoreGraphics.framework; path = System/Library/Frameworks/CoreGraphics.framework; sourceTree = SDKROOT; };
		00CFDF6A1138442D0091FFFF /* ImageIO.framework */ = {isa = PBXFileReference; lastKnownFileType = wrapper.framework; name = ImageIO.framework; path = System/Library/Frameworks/ImageIO.framework; sourceTree = SDKROOT; };
		DDDDDF6A1138442D0091DDDD /* MobileCoreServices.framework */ = {isa = PBXFileReference; lastKnownFileType = wrapper.framework; name = MobileCoreServices.framework; path = System/Library/Frameworks/MobileCoreServices.framework; sourceTree = SDKROOT; };
		1D30AB110D05D00D00671497 /* Foundation.framework */ = {isa = PBXFileReference; lastKnownFileType = wrapper.framework; name = Foundation.framework; path = System/Library/Frameworks/Foundation.framework; sourceTree = SDKROOT; };
		1DF5F4DF0D08C38300B7A737 /* UIKit.framework */ = {isa = PBXFileReference; lastKnownFileType = wrapper.framework; name = UIKit.framework; path = System/Library/Frameworks/UIKit.framework; sourceTree = SDKROOT; };
		28FD14FF0DC6FC520079059D /* OpenGLES.framework */ = {isa = PBXFileReference; lastKnownFileType = wrapper.framework; name = OpenGLES.framework; path = System/Library/Frameworks/OpenGLES.framework; sourceTree = SDKROOT; };
		28FD15070DC6FC5B0079059D /* QuartzCore.framework */ = {isa = PBXFileReference; lastKnownFileType = wrapper.framework; name = QuartzCore.framework; path = System/Library/Frameworks/QuartzCore.framework; sourceTree = SDKROOT; };
		C725E000121DAC8F00FA186B /* AVFoundation.framework */ = {isa = PBXFileReference; lastKnownFileType = wrapper.framework; name = AVFoundation.framework; path = System/Library/Frameworks/AVFoundation.framework; sourceTree = SDKROOT; };
		C727C02B121B400300192073 /* CoreMedia.framework */ = {isa = PBXFileReference; lastKnownFileType = wrapper.framework; name = CoreMedia.framework; path = System/Library/Frameworks/CoreMedia.framework; sourceTree = SDKROOT; };
		C727C02D121B400300192073 /* CoreVideo.framework */ = {isa = PBXFileReference; lastKnownFileType = wrapper.framework; name = CoreVideo.framework; path = System/Library/Frameworks/CoreVideo.framework; sourceTree = SDKROOT; };
		C7FB19D5124BC0D70045AFD2 /* AudioToolbox.framework */ = {isa = PBXFileReference; lastKnownFileType = wrapper.framework; name = AudioToolbox.framework; path = System/Library/Frameworks/AudioToolbox.framework; sourceTree = SDKROOT; };
		00748057165D41390024B57A /* assets */ = {isa = PBXFileReference; lastKnownFileType = folder; name = assets; path = ../assets; sourceTree = "<group>"; };
		A109DCF98FF74CA182887AA7 /* PupTentApp.cpp */ = {isa = PBXFileReference; lastKnownFileType = sourcecode.c.cpp; path = ../src/PupTentApp.cpp; sourceTree = "<group>"; name = PupTentApp.cpp; };
		0902ECF5768241E2B6C881EA /* Resources.h */ = {isa = PBXFileReference; lastKnownFileType = sourcecode.c.h; path = ../include/Resources.h; sourceTree = "<group>"; name = Resources.h; };
		3C6427FF253946878121B922 /* CinderApp_ios.png */ = {isa = PBXFileReference; lastKnownFileType = "\"\""; path = ../resources/CinderApp_ios.png; sourceTree = "<group>"; name = CinderApp_ios.png; };
		0EDA0BA1286346DBB1E59B46 /* Default-568h@2x.png */ = {isa = PBXFileReference; lastKnownFileType = "\"\""; path = "Default-568h@2x.png"; sourceTree = "<group>"; name = "Default-568h@2x.png"; };
		1812BD903E8A400CB04A4D8F /* Info.plist */ = {isa = PBXFileReference; lastKnownFileType = text.plist.xml; path = Info.plist; sourceTree = "<group>"; name = Info.plist; };
		F9307567262E4908B356D5B4 /* PupTent_Prefix.pch */ = {isa = PBXFileReference; lastKnownFileType = "\"\""; path = PupTent_Prefix.pch; sourceTree = "<group>"; name = PupTent_Prefix.pch; };
		3A47FD1EF4A140E0A9F2B2E5 /* AnimationUtils.cpp */ = {isa = PBXFileReference; lastKnownFileType = sourcecode.c.cpp; path = ../../../../Pockets/src/pockets/AnimationUtils.cpp; sourceTree = "<group>"; name = AnimationUtils.cpp; };
		E0CA9FC9289441C190EAC450 /* ColorPalette.cpp */ = {isa = PBXFileReference; lastKnownFileType = sourcecode.c.cpp; path = ../../../../Pockets/src/pockets/ColorPalette.cpp; sourceTree = "<group>"; name = ColorPalette.cpp; };
		F9F4A346D30148A5A3BB708A /* ExpandedLine2d.cpp */ = {isa = PBXFileReference; lastKnownFileType = sourcecode.c.cpp; path = ../../../../Pockets/src/pockets/ExpandedLine2d.cpp; sourceTree = "<group>"; name = ExpandedLine2d.cpp; };
		03AAD64826884F829EF6BACE /* ExpandedPath2d.cpp */ = {isa = PBXFileReference; lastKnownFileType = sourcecode.c.cpp; path = ../../../../Pockets/src/pockets/ExpandedPath2d.cpp; sourceTree = "<group>"; name = ExpandedPath2d.cpp; };
		B2ABA88B8B634121B1549A25 /* ExpandedPath3d.cpp */ = {isa = PBXFileReference; lastKnownFileType = sourcecode.c.cpp; path = ../../../../Pockets/src/pockets/ExpandedPath3d.cpp; sourceTree = "<group>"; name = ExpandedPath3d.cpp; };
		5076035A06EE48CA9D641A77 /* FileUtils.cpp */ = {isa = PBXFileReference; lastKnownFileType = sourcecode.c.cpp; path = ../../../../Pockets/src/pockets/FileUtils.cpp; sourceTree = "<group>"; name = FileUtils.cpp; };
		78DF75ABCC3542C48FC59FCA /* ImagePacker.cpp */ = {isa = PBXFileReference; lastKnownFileType = sourcecode.c.cpp; path = ../../../../Pockets/src/pockets/ImagePacker.cpp; sourceTree = "<group>"; name = ImagePacker.cpp; };
		86D9C849651E48BD98F3734E /* LineUtils.cpp */ = {isa = PBXFileReference; lastKnownFileType = sourcecode.c.cpp; path = ../../../../Pockets/src/pockets/LineUtils.cpp; sourceTree = "<group>"; name = LineUtils.cpp; };
		EB474D60956243EDBA0E8A46 /* Locus2d.cpp */ = {isa = PBXFileReference; lastKnownFileType = sourcecode.c.cpp; path = ../../../../Pockets/src/pockets/Locus2d.cpp; sourceTree = "<group>"; name = Locus2d.cpp; };
		14210D57CED0467689955FD6 /* Renderer2d.cpp */ = {isa = PBXFileReference; lastKnownFileType = sourcecode.c.cpp; path = ../../../../Pockets/src/pockets/Renderer2d.cpp; sourceTree = "<group>"; name = Renderer2d.cpp; };
		D4A470215DDD446AB3ECB154 /* SimpleRenderer.cpp */ = {isa = PBXFileReference; lastKnownFileType = sourcecode.c.cpp; path = ../../../../Pockets/src/pockets/SimpleRenderer.cpp; sourceTree = "<group>"; name = SimpleRenderer.cpp; };
		C5840CF8DB2744D3B5268CC8 /* Sprite.cpp */ = {isa = PBXFileReference; lastKnownFileType = sourcecode.c.cpp; path = ../../../../Pockets/src/pockets/Sprite.cpp; sourceTree = "<group>"; name = Sprite.cpp; };
		3E60578E009E4FBE84EADFE9 /* SpriteAnimation.cpp */ = {isa = PBXFileReference; lastKnownFileType = sourcecode.c.cpp; path = ../../../../Pockets/src/pockets/SpriteAnimation.cpp; sourceTree = "<group>"; name = SpriteAnimation.cpp; };
		B5316C7BB0DF4B3EB17DB00B /* SpriteSheet.cpp */ = {isa = PBXFileReference; lastKnownFileType = sourcecode.c.cpp; path = ../../../../Pockets/src/pockets/SpriteSheet.cpp; sourceTree = "<group>"; name = SpriteSheet.cpp; };
		BAB112DFCA5D424088F2947C /* SweptPath3d.cpp */ = {isa = PBXFileReference; lastKnownFileType = sourcecode.c.cpp; path = ../../../../Pockets/src/pockets/SweptPath3d.cpp; sourceTree = "<group>"; name = SweptPath3d.cpp; };
		63A05D0956EB447EAB4BC907 /* AnimationUtils.h */ = {isa = PBXFileReference; lastKnownFileType = sourcecode.c.h; path = ../../../../Pockets/src/pockets/AnimationUtils.h; sourceTree = "<group>"; name = AnimationUtils.h; };
		696DF0844DED4E6DB45BDA32 /* ColorPalette.h */ = {isa = PBXFileReference; lastKnownFileType = sourcecode.c.h; path = ../../../../Pockets/src/pockets/ColorPalette.h; sourceTree = "<group>"; name = ColorPalette.h; };
		45AFEE21538348A0B3A81394 /* ExpandedLine2d.h */ = {isa = PBXFileReference; lastKnownFileType = sourcecode.c.h; path = ../../../../Pockets/src/pockets/ExpandedLine2d.h; sourceTree = "<group>"; name = ExpandedLine2d.h; };
		32AF12A8540C42C7911D6560 /* ExpandedPath2d.h */ = {isa = PBXFileReference; lastKnownFileType = sourcecode.c.h; path = ../../../../Pockets/src/pockets/ExpandedPath2d.h; sourceTree = "<group>"; name = ExpandedPath2d.h; };
		DB7CBF6B559448DF9A98D063 /* ExpandedPath3d.h */ = {isa = PBXFileReference; lastKnownFileType = sourcecode.c.h; path = ../../../../Pockets/src/pockets/ExpandedPath3d.h; sourceTree = "<group>"; name = ExpandedPath3d.h; };
		A8F32DCA21984F2190389C96 /* FileUtils.h */ = {isa = PBXFileReference; lastKnownFileType = sourcecode.c.h; path = ../../../../Pockets/src/pockets/FileUtils.h; sourceTree = "<group>"; name = FileUtils.h; };
		849FC88DDE744109B788808D /* ImagePacker.h */ = {isa = PBXFileReference; lastKnownFileType = sourcecode.c.h; path = ../../../../Pockets/src/pockets/ImagePacker.h; sourceTree = "<group>"; name = ImagePacker.h; };
		FC27750B921A475CBB2E3172 /* LineUtils.h */ = {isa = PBXFileReference; lastKnownFileType = sourcecode.c.h; path = ../../../../Pockets/src/pockets/LineUtils.h; sourceTree = "<group>"; name = LineUtils.h; };
		13B47A481CCD41F2A7D3260C /* Locus2d.h */ = {isa = PBXFileReference; lastKnownFileType = sourcecode.c.h; path = ../../../../Pockets/src/pockets/Locus2d.h; sourceTree = "<group>"; name = Locus2d.h; };
		26287172E216435CAA7CFE20 /* Pockets.h */ = {isa = PBXFileReference; lastKnownFileType = sourcecode.c.h; path = ../../../../Pockets/src/pockets/Pockets.h; sourceTree = "<group>"; name = Pockets.h; };
		0413D9D6B3C84BD38EE28D3B /* Renderer2d.h */ = {isa = PBXFileReference; lastKnownFileType = sourcecode.c.h; path = ../../../../Pockets/src/pockets/Renderer2d.h; sourceTree = "<group>"; name = Renderer2d.h; };
		452F154DA3D34EE7B9D2EAF0 /* SimpleRenderer.h */ = {isa = PBXFileReference; lastKnownFileType = sourcecode.c.h; path = ../../../../Pockets/src/pockets/SimpleRenderer.h; sourceTree = "<group>"; name = SimpleRenderer.h; };
		7EDE10F9E14C4B0FAB2CA96F /* Sprite.h */ = {isa = PBXFileReference; lastKnownFileType = sourcecode.c.h; path = ../../../../Pockets/src/pockets/Sprite.h; sourceTree = "<group>"; name = Sprite.h; };
		0BDB41ACC08F4A088929B2C1 /* SpriteAnimation.h */ = {isa = PBXFileReference; lastKnownFileType = sourcecode.c.h; path = ../../../../Pockets/src/pockets/SpriteAnimation.h; sourceTree = "<group>"; name = SpriteAnimation.h; };
		97F46FFF93C44CF4AD2D56DD /* SpriteSheet.h */ = {isa = PBXFileReference; lastKnownFileType = sourcecode.c.h; path = ../../../../Pockets/src/pockets/SpriteSheet.h; sourceTree = "<group>"; name = SpriteSheet.h; };
		5B2C8625F1924FD5AFE473CE /* SweptPath3d.h */ = {isa = PBXFileReference; lastKnownFileType = sourcecode.c.h; path = ../../../../Pockets/src/pockets/SweptPath3d.h; sourceTree = "<group>"; name = SweptPath3d.h; };
		B618910A52124256A69FB4A6 /* Vbo.cpp */ = {isa = PBXFileReference; lastKnownFileType = sourcecode.c.cpp; path = ../../../../Pockets/src/pockets/gl/Vbo.cpp; sourceTree = "<group>"; name = Vbo.cpp; };
		A5540D8950C44E799F73F6D8 /* Vbo.h */ = {isa = PBXFileReference; lastKnownFileType = sourcecode.c.h; path = ../../../../Pockets/src/pockets/gl/Vbo.h; sourceTree = "<group>"; name = Vbo.h; };
		2E401A44029D4BDA96A03F0F /* Pockets.h */ = {isa = PBXFileReference; lastKnownFileType = sourcecode.c.h; path = ../../../../Pockets/src/pockets/Pockets.h; sourceTree = "<group>"; name = Pockets.h; };
/* End PBXFileReference section */

/* Begin PBXFrameworksBuildPhase section */
		00692BCC14FF149000D0A05E /* Frameworks */ = {
			isa = PBXFrameworksBuildPhase;
			buildActionMask = 2147483647;
			files = (
				C725E001121DAC8F00FA186B /* AVFoundation.framework in Frameworks */,
				C725DFFE121DAC7F00FA186B /* CoreMedia.framework in Frameworks */,
				C725E001121DAC8FFFFA18FF /* ImageIO.framework in Frameworks */,
				DDDDE001121DAC8FFFFADDDD /* MobileCoreServices.framework in Frameworks */,
				1D60589F0D05DD5A006BFB54 /* Foundation.framework in Frameworks */,
				1DF5F4E00D08C38300B7A737 /* UIKit.framework in Frameworks */,
				28FD15000DC6FC520079059D /* OpenGLES.framework in Frameworks */,
				28FD15080DC6FC5B0079059D /* QuartzCore.framework in Frameworks */,
				00CFDF6B1138442D0091E310 /* CoreGraphics.framework in Frameworks */,
				C727C02E121B400300192073 /* CoreVideo.framework in Frameworks */,
				C7FB19D6124BC0D70045AFD2 /* AudioToolbox.framework in Frameworks */,
				0087D25512CD809F002CD69F /* CoreText.framework in Frameworks */,
			);
			runOnlyForDeploymentPostprocessing = 0;
		};
/* End PBXFrameworksBuildPhase section */

/* Begin PBXGroup section */
		00692BC414FF149000D0A05E = {
			isa = PBXGroup;
			children = (
				99692BD914FF149000DFFFFF /* Blocks */,
				99692BD914FF149000D0A05F /* Headers */,
				00692BD914FF149000D0A05E /* Source */,
				00692BD914FF149000D0FFFF /* Resources */,
				00692BD214FF149000D0A05E /* Frameworks */,
				00692BD014FF149000D0A05E /* Products */,
			);
			sourceTree = "<group>";
		};
		00692BD014FF149000D0A05E /* Products */ = {
			isa = PBXGroup;
			children = (
				00692BCF14FF149000D0A05E /* PupTent.app */,
			);
			name = Products;
			sourceTree = "<group>";
		};
		00692BD214FF149000D0A05E /* Frameworks */ = {
			isa = PBXGroup;
			children = (
				C7FB19D5124BC0D70045AFD2 /* AudioToolbox.framework */,
				C727C02B121B400300192073 /* CoreMedia.framework */,
				C727C02D121B400300192073 /* CoreVideo.framework */,
				28FD15070DC6FC5B0079059D /* QuartzCore.framework */,
				28FD14FF0DC6FC520079059D /* OpenGLES.framework */,
				1DF5F4DF0D08C38300B7A737 /* UIKit.framework */,
				1D30AB110D05D00D00671497 /* Foundation.framework */,
				00CFDF6A1138442D0091E310 /* CoreGraphics.framework */,
				00CFDF6A1138442D0091FFFF /* ImageIO.framework */,
				DDDDDF6A1138442D0091DDDD /* MobileCoreServices.framework */,
				C725E000121DAC8F00FA186B /* AVFoundation.framework */,
				0087D25412CD809F002CD69F /* CoreText.framework */,
			);
			name = Frameworks;
			sourceTree = "<group>";
		};
		2643DE3411B94BD286505188 /* gl */ = {
			isa = PBXGroup;
			children = (
				B618910A52124256A69FB4A6 /* Vbo.cpp */,
				A5540D8950C44E799F73F6D8 /* Vbo.h */,
			);
			name = gl;
			sourceTree = "<group>";
		};
		B1553430BD6F4C5794857879 /* pockets */ = {
			isa = PBXGroup;
			children = (
				3A47FD1EF4A140E0A9F2B2E5 /* AnimationUtils.cpp */,
				E0CA9FC9289441C190EAC450 /* ColorPalette.cpp */,
				F9F4A346D30148A5A3BB708A /* ExpandedLine2d.cpp */,
				03AAD64826884F829EF6BACE /* ExpandedPath2d.cpp */,
				B2ABA88B8B634121B1549A25 /* ExpandedPath3d.cpp */,
				5076035A06EE48CA9D641A77 /* FileUtils.cpp */,
				78DF75ABCC3542C48FC59FCA /* ImagePacker.cpp */,
				86D9C849651E48BD98F3734E /* LineUtils.cpp */,
				EB474D60956243EDBA0E8A46 /* Locus2d.cpp */,
				14210D57CED0467689955FD6 /* Renderer2d.cpp */,
				D4A470215DDD446AB3ECB154 /* SimpleRenderer.cpp */,
				C5840CF8DB2744D3B5268CC8 /* Sprite.cpp */,
				3E60578E009E4FBE84EADFE9 /* SpriteAnimation.cpp */,
				B5316C7BB0DF4B3EB17DB00B /* SpriteSheet.cpp */,
				BAB112DFCA5D424088F2947C /* SweptPath3d.cpp */,
				63A05D0956EB447EAB4BC907 /* AnimationUtils.h */,
				696DF0844DED4E6DB45BDA32 /* ColorPalette.h */,
				45AFEE21538348A0B3A81394 /* ExpandedLine2d.h */,
				32AF12A8540C42C7911D6560 /* ExpandedPath2d.h */,
				DB7CBF6B559448DF9A98D063 /* ExpandedPath3d.h */,
				A8F32DCA21984F2190389C96 /* FileUtils.h */,
				849FC88DDE744109B788808D /* ImagePacker.h */,
				FC27750B921A475CBB2E3172 /* LineUtils.h */,
				13B47A481CCD41F2A7D3260C /* Locus2d.h */,
				26287172E216435CAA7CFE20 /* Pockets.h */,
				0413D9D6B3C84BD38EE28D3B /* Renderer2d.h */,
				452F154DA3D34EE7B9D2EAF0 /* SimpleRenderer.h */,
				7EDE10F9E14C4B0FAB2CA96F /* Sprite.h */,
				0BDB41ACC08F4A088929B2C1 /* SpriteAnimation.h */,
				97F46FFF93C44CF4AD2D56DD /* SpriteSheet.h */,
				5B2C8625F1924FD5AFE473CE /* SweptPath3d.h */,
				2643DE3411B94BD286505188 /* gl */,
				2E401A44029D4BDA96A03F0F /* Pockets.h */,
			);
			name = pockets;
			sourceTree = "<group>";
		};
		AB5621B18C7D4728AD2745DB /* src */ = {
			isa = PBXGroup;
			children = (
				B1553430BD6F4C5794857879 /* pockets */,
			);
			name = src;
			sourceTree = "<group>";
		};
		11E503DEE35B459ABFD53370 /* Pockets */ = {
			isa = PBXGroup;
			children = (
				AB5621B18C7D4728AD2745DB /* src */,
			);
			name = Pockets;
			sourceTree = "<group>";
		};
		99692BD914FF149000DFFFFF /* Blocks */ = {
			isa = PBXGroup;
			children = (
				11E503DEE35B459ABFD53370 /* Pockets */,
			);
			name = Blocks;
			sourceTree = "<group>";
		};
		99692BD914FF149000D0A05F /* Headers */ = {
			isa = PBXGroup;
			children = (
				0902ECF5768241E2B6C881EA /* Resources.h */,
				F9307567262E4908B356D5B4 /* PupTent_Prefix.pch */,
			);
			name = Headers;
			sourceTree = "<group>";
		};
		00692BD914FF149000D0A05E /* Source */ = {
			isa = PBXGroup;
			children = (
				A109DCF98FF74CA182887AA7 /* PupTentApp.cpp */,
			);
			name = Source;
			sourceTree = "<group>";
		};
		00692BD914FF149000D0FFFF /* Resources */ = {
			isa = PBXGroup;
			children = (
				00748057165D41390024B57A /* assets */,
				3C6427FF253946878121B922 /* CinderApp_ios.png */,
				0EDA0BA1286346DBB1E59B46 /* Default-568h@2x.png */,
				1812BD903E8A400CB04A4D8F /* Info.plist */,
			);
			name = Resources;
			sourceTree = "<group>";
		};
/* End PBXGroup section */

/* Begin PBXNativeTarget section */
		00692BCE14FF149000D0A05E /* PupTent */ = {
			isa = PBXNativeTarget;
			buildConfigurationList = 00692BF514FF149000D0A05E /* Build configuration list for PBXNativeTarget "PupTent" */;
			buildPhases = (
				00692BCB14FF149000D0A05E /* Sources */,
				00692BCC14FF149000D0A05E /* Frameworks */,
				00692BCD14FF149000D0A05E /* Resources */,
			);
			buildRules = (
			);
			dependencies = (
			);
			name = PupTent;
			productName = PupTent;
			productReference = 00692BCF14FF149000D0A05E /* PupTent.app */;
			productType = "com.apple.product-type.application";
		};
/* End PBXNativeTarget section */

/* Begin PBXProject section */
		00692BC614FF149000D0A05E /* Project object */ = {
			isa = PBXProject;
			buildConfigurationList = 00692BC914FF149000D0A05E /* Build configuration list for PBXProject "PupTent" */;
			compatibilityVersion = "Xcode 3.2";
			developmentRegion = English;
			hasScannedForEncodings = 0;
			knownRegions = (
				en,
			);
			mainGroup = 00692BC414FF149000D0A05E;
			productRefGroup = 00692BD014FF149000D0A05E /* Products */;
			projectDirPath = "";
			projectRoot = "";
			targets = (
				00692BCE14FF149000D0A05E /* PupTent */,
			);
		};
/* End PBXProject section */

/* Begin PBXResourcesBuildPhase section */
		00692BCD14FF149000D0A05E /* Resources */ = {
			isa = PBXResourcesBuildPhase;
			buildActionMask = 2147483647;
			files = (
				00748058165D41390024B57A /* assets in Resources */,
				16D348B8FF614C02BCC8C291 /* CinderApp_ios.png in Resources */,
				012F1FACD585413184396AD1 /* Default-568h@2x.png in Resources */,
			);
			runOnlyForDeploymentPostprocessing = 0;
		};
/* End PBXResourcesBuildPhase section */

/* Begin PBXSourcesBuildPhase section */
		00692BCB14FF149000D0A05E /* Sources */ = {
			isa = PBXSourcesBuildPhase;
			buildActionMask = 2147483647;
			files = (
				1FEE3AA238AD42BCBEF309B7 /* PupTentApp.cpp in Sources */,
				17F0F428E4174630900DF5AD /* AnimationUtils.cpp in Sources */,
				25BBA952A8154520A0F5B795 /* ColorPalette.cpp in Sources */,
				244684CA05DB4EB38F5AFF37 /* ExpandedLine2d.cpp in Sources */,
				8C46AD11507D4FB78DEE84B2 /* ExpandedPath2d.cpp in Sources */,
				BA3F7B5383BC4F68B2651B0C /* ExpandedPath3d.cpp in Sources */,
				1A20513C2E61451BBFAA44BF /* FileUtils.cpp in Sources */,
				370DFB3C5DC7471E9B60F65C /* ImagePacker.cpp in Sources */,
				1BAFC88AB7D24C92BA60E9D3 /* LineUtils.cpp in Sources */,
				93FA65B9EBF64337A6F87FC7 /* Locus2d.cpp in Sources */,
				7854A7A6FA2F4A699BAF49D7 /* Renderer2d.cpp in Sources */,
				84438B86541D43949222A101 /* SimpleRenderer.cpp in Sources */,
				0B9538D5BA014891AB1761E0 /* Sprite.cpp in Sources */,
				BDDF825FEEF743DFB3864E12 /* SpriteAnimation.cpp in Sources */,
				ACD4CE1F93304496BC593FA0 /* SpriteSheet.cpp in Sources */,
				422A3227A3A9458CAA063252 /* SweptPath3d.cpp in Sources */,
				8F97B189ABC64DFD99D0DBF2 /* Vbo.cpp in Sources */,
			);
			runOnlyForDeploymentPostprocessing = 0;
		};
/* End PBXSourcesBuildPhase section */

/* Begin XCBuildConfiguration section */
		00692BF314FF149000D0A05E /* Debug */ = {
			isa = XCBuildConfiguration;
			buildSettings = {
				DEAD_CODE_STRIPPING = YES;
				CLANG_CXX_LANGUAGE_STANDARD = "c++0x";
				CLANG_CXX_LIBRARY = "libc++";
				ARCHS = "$(ARCHS_STANDARD_32_BIT)";
				ALWAYS_SEARCH_USER_PATHS = NO;
				"CODE_SIGN_IDENTITY[sdk=iphoneos*]" = "iPhone Developer";
				COPY_PHASE_STRIP = NO;
				GCC_C_LANGUAGE_STANDARD = gnu99;
				GCC_DYNAMIC_NO_PIC = NO;
				GCC_OPTIMIZATION_LEVEL = 0;
				GCC_PREPROCESSOR_DEFINITIONS = (
					"DEBUG=1",
					"$(inherited)",
				);
				GCC_SYMBOLS_PRIVATE_EXTERN = NO;
				GCC_VERSION = com.apple.compilers.llvm.clang.1_0;
				GCC_WARN_ABOUT_MISSING_PROTOTYPES = YES;
				GCC_WARN_ABOUT_RETURN_TYPE = YES;
				GCC_WARN_UNUSED_VARIABLE = YES;
				IPHONEOS_DEPLOYMENT_TARGET = 5.0;
				SDKROOT = iphoneos;
				TARGETED_DEVICE_FAMILY = "1,2";
				CINDER_PATH = "../../../../..";
				HEADER_SEARCH_PATHS = "\"$(CINDER_PATH)/boost\"";
				USER_HEADER_SEARCH_PATHS = (
					"\"$(CINDER_PATH)/include\" ../include",
					../../../../Pockets/src,
				);
			};
			name = Debug;
		};
		00692BF414FF149000D0A05E /* Release */ = {
			isa = XCBuildConfiguration;
			buildSettings = {
				DEAD_CODE_STRIPPING = YES;
				CLANG_CXX_LANGUAGE_STANDARD = "c++0x";
				CLANG_CXX_LIBRARY = "libc++";
				ALWAYS_SEARCH_USER_PATHS = NO;
				ARCHS = "$(ARCHS_STANDARD_32_BIT)";
				"CODE_SIGN_IDENTITY[sdk=iphoneos*]" = "iPhone Developer";
				COPY_PHASE_STRIP = YES;
				GCC_C_LANGUAGE_STANDARD = gnu99;
				GCC_VERSION = com.apple.compilers.llvm.clang.1_0;
				GCC_WARN_ABOUT_MISSING_PROTOTYPES = YES;
				GCC_WARN_ABOUT_RETURN_TYPE = YES;
				GCC_WARN_UNUSED_VARIABLE = YES;
				IPHONEOS_DEPLOYMENT_TARGET = 5.0;
				OTHER_CFLAGS = "-DNS_BLOCK_ASSERTIONS=1";
				SDKROOT = iphoneos;
				TARGETED_DEVICE_FAMILY = "1,2";
				VALIDATE_PRODUCT = YES;
				CINDER_PATH = "../../../../..";
				HEADER_SEARCH_PATHS = "\"$(CINDER_PATH)/boost\"";
				USER_HEADER_SEARCH_PATHS = (
					"\"$(CINDER_PATH)/include\" ../include",
					../../../../Pockets/src,
				);
			};
			name = Release;
		};
		00692BF614FF149000D0A05E /* Debug */ = {
			isa = XCBuildConfiguration;
			buildSettings = {
				GCC_PRECOMPILE_PREFIX_HEADER = YES;
				GCC_PREFIX_HEADER = "PupTent_Prefix.pch";
				INFOPLIST_FILE = "Info.plist";
				PRODUCT_NAME = "$(TARGET_NAME)";
				WRAPPER_EXTENSION = app;
				"OTHER_LDFLAGS[sdk=iphoneos*][arch=*]" = (
					"\"$(CINDER_PATH)/lib/libcinder-iphone_d.a\"",
					"-lz",
				);
				"OTHER_LDFLAGS[sdk=iphonesimulator*][arch=*]" = (
					"\"$(CINDER_PATH)/lib/libcinder-iphone-sim_d.a\"",
					"-lz",
				);
			};
			name = Debug;
		};
		00692BF714FF149000D0A05E /* Release */ = {
			isa = XCBuildConfiguration;
			buildSettings = {
				GCC_PRECOMPILE_PREFIX_HEADER = YES;
				GCC_PREFIX_HEADER = "PupTent_Prefix.pch";
				INFOPLIST_FILE = "Info.plist";
				PRODUCT_NAME = "$(TARGET_NAME)";
				WRAPPER_EXTENSION = app;
				"OTHER_LDFLAGS[sdk=iphoneos*][arch=*]" = (
					"\"$(CINDER_PATH)/lib/libcinder-iphone.a\"",
					"-lz",
				);
				"OTHER_LDFLAGS[sdk=iphonesimulator*][arch=*]" = (
					"\"$(CINDER_PATH)/lib/libcinder-iphone-sim.a\"",
					"-lz",
				);
			};
			name = Release;
		};
/* End XCBuildConfiguration section */

/* Begin XCConfigurationList section */
		00692BC914FF149000D0A05E /* Build configuration list for PBXProject "PupTent" */ = {
			isa = XCConfigurationList;
			buildConfigurations = (
				00692BF314FF149000D0A05E /* Debug */,
				00692BF414FF149000D0A05E /* Release */,
			);
			defaultConfigurationIsVisible = 0;
			defaultConfigurationName = Release;
		};
		00692BF514FF149000D0A05E /* Build configuration list for PBXNativeTarget "PupTent" */ = {
			isa = XCConfigurationList;
			buildConfigurations = (
				00692BF614FF149000D0A05E /* Debug */,
				00692BF714FF149000D0A05E /* Release */,
			);
			defaultConfigurationIsVisible = 0;
			defaultConfigurationName = Release;
		};
/* End XCConfigurationList section */
	};
	rootObject = 00692BC614FF149000D0A05E /* Project object */;
}
